
Microsoft Visual Studio Solution File, Format Version 12.00
# Visual Studio Version 17
VisualStudioVersion = 17.3.32819.101
MinimumVisualStudioVersion = 10.0.40219.1
Project("{FAE04EC0-301F-11D3-BF4B-00C04F79EFBC}") = "ASP.NET Core - HangFire", "ASP.NET Core - HangFire\ASP.NET Core - HangFire.csproj", "{10A4E21C-E269-40B7-A65A-C56EA70E8C1D}"
EndProject
Global
	GlobalSection(SolutionConfigurationPlatforms) = preSolution
		Debug|Any CPU = Debug|Any CPU
		Release|Any CPU = Release|Any CPU
	EndGlobalSection
	GlobalSection(ProjectConfigurationPlatforms) = postSolution
		{10A4E21C-E269-40B7-A65A-C56EA70E8C1D}.Debug|Any CPU.ActiveCfg = Debug|Any CPU
		{10A4E21C-E269-40B7-A65A-C56EA70E8C1D}.Debug|Any CPU.Build.0 = Debug|Any CPU
		{10A4E21C-E269-40B7-A65A-C56EA70E8C1D}.Release|Any CPU.ActiveCfg = Release|Any CPU
		{10A4E21C-E269-40B7-A65A-C56EA70E8C1D}.Release|Any CPU.Build.0 = Release|Any CPU
	EndGlobalSection
	GlobalSection(SolutionProperties) = preSolution
		HideSolutionNode = FALSE
	EndGlobalSection
	GlobalSection(ExtensibilityGlobals) = postSolution
		SolutionGuid = {08290D84-C036-4A18-9C55-08E3F7AEB72E}
	EndGlobalSection
EndGlobal
